
Microsoft Visual Studio Solution File, Format Version 12.00
Project("{FAE04EC0-301F-11D3-BF4B-00C04F79EFBC}") = "CsProjectDemo1", "CsProjectDemo1\CsProjectDemo1.csproj", "{09CE8E96-8251-45D3-B078-90961D488F47}"
EndProject
Global
	GlobalSection(SolutionConfigurationPlatforms) = preSolution
		Debug|Any CPU = Debug|Any CPU
		Release|Any CPU = Release|Any CPU
	EndGlobalSection
	GlobalSection(ProjectConfigurationPlatforms) = postSolution
		{09CE8E96-8251-45D3-B078-90961D488F47}.Debug|Any CPU.ActiveCfg = Debug|Any CPU
		{09CE8E96-8251-45D3-B078-90961D488F47}.Debug|Any CPU.Build.0 = Debug|Any CPU
		{09CE8E96-8251-45D3-B078-90961D488F47}.Release|Any CPU.ActiveCfg = Release|Any CPU
		{09CE8E96-8251-45D3-B078-90961D488F47}.Release|Any CPU.Build.0 = Release|Any CPU
	EndGlobalSection
EndGlobal
